
Microsoft Visual Studio Solution File, Format Version 12.00
# Visual Studio 15
VisualStudioVersion = 15.0.28307.102
MinimumVisualStudioVersion = 10.0.40219.1
Project("{FAE04EC0-301F-11D3-BF4B-00C04F79EFBC}") = "EmailNotification", "EmailNotification\EmailNotification.csproj", "{30E776C9-F19F-449D-A32D-B71D553FFE97}"
EndProject
Global
	GlobalSection(SolutionConfigurationPlatforms) = preSolution
		Debug|Any CPU = Debug|Any CPU
		Release|Any CPU = Release|Any CPU
	EndGlobalSection
	GlobalSection(ProjectConfigurationPlatforms) = postSolution
		{30E776C9-F19F-449D-A32D-B71D553FFE97}.Debug|Any CPU.ActiveCfg = Debug|Any CPU
		{30E776C9-F19F-449D-A32D-B71D553FFE97}.Debug|Any CPU.Build.0 = Debug|Any CPU
		{30E776C9-F19F-449D-A32D-B71D553FFE97}.Release|Any CPU.ActiveCfg = Release|Any CPU
		{30E776C9-F19F-449D-A32D-B71D553FFE97}.Release|Any CPU.Build.0 = Release|Any CPU
	EndGlobalSection
	GlobalSection(SolutionProperties) = preSolution
		HideSolutionNode = FALSE
	EndGlobalSection
	GlobalSection(ExtensibilityGlobals) = postSolution
		SolutionGuid = {AD1CE756-0465-4135-86C2-910FC726BAF2}
	EndGlobalSection
EndGlobal
